// !$*UTF8*$!
{
	archiveVersion = 1;
	classes = {
	};
	objectVersion = 56;
	objects = {

/* Begin PBXBuildFile section */
		4BBDB649B79272E5EDA39223 /* Pods_OldGeneralTests.framework in Frameworks */ = {isa = PBXBuildFile; fileRef = 3555A7502E210E979461EB8E /* Pods_OldGeneralTests.framework */; };
		4F87487EFEEE46A1BFE3F0D3 /* Pods_OldGeneral.framework in Frameworks */ = {isa = PBXBuildFile; fileRef = DDC7EF21CBD8F9881D746038 /* Pods_OldGeneral.framework */; };
		7103952E298E52B80035400F /* FlagSquare.swift in Sources */ = {isa = PBXBuildFile; fileRef = 7103952D298E52B80035400F /* FlagSquare.swift */; };
		71039530298E56DC0035400F /* UserInfo.swift in Sources */ = {isa = PBXBuildFile; fileRef = 7103952F298E56DC0035400F /* UserInfo.swift */; };
		71039532298E626A0035400F /* AccountButton.swift in Sources */ = {isa = PBXBuildFile; fileRef = 71039531298E626A0035400F /* AccountButton.swift */; };
		71039534298E67230035400F /* SettingButton.swift in Sources */ = {isa = PBXBuildFile; fileRef = 71039533298E67230035400F /* SettingButton.swift */; };
		71039537298E67BB0035400F /* QAButton.swift in Sources */ = {isa = PBXBuildFile; fileRef = 71039536298E67BB0035400F /* QAButton.swift */; };
		71039539298E68410035400F /* VIPButton.swift in Sources */ = {isa = PBXBuildFile; fileRef = 71039538298E68410035400F /* VIPButton.swift */; };
		7103953C298F585F0035400F /* CreateFlag.swift in Sources */ = {isa = PBXBuildFile; fileRef = 7103953B298F585F0035400F /* CreateFlag.swift */; };
		7150138129A65A7000FD155F /* FlagSquareItem.swift in Sources */ = {isa = PBXBuildFile; fileRef = 7150138029A65A7000FD155F /* FlagSquareItem.swift */; };
		7151160729B0DB32006A40DD /* VIPDescriptionPage.swift in Sources */ = {isa = PBXBuildFile; fileRef = 7151160629B0DB32006A40DD /* VIPDescriptionPage.swift */; };
		7151160A29B0DBFE006A40DD /* VIPPrivilegesItem.swift in Sources */ = {isa = PBXBuildFile; fileRef = 7151160929B0DBFE006A40DD /* VIPPrivilegesItem.swift */; };
		7151160C29B0E411006A40DD /* VIPChargeItem.swift in Sources */ = {isa = PBXBuildFile; fileRef = 7151160B29B0E411006A40DD /* VIPChargeItem.swift */; };
		7151160E29B0E7C1006A40DD /* VIPChargePage.swift in Sources */ = {isa = PBXBuildFile; fileRef = 7151160D29B0E7C1006A40DD /* VIPChargePage.swift */; };
		7173001129B31C7200714912 /* FlagDetailInfoItem.swift in Sources */ = {isa = PBXBuildFile; fileRef = 7173001029B31C7200714912 /* FlagDetailInfoItem.swift */; };
		7173001329B3218B00714912 /* FlagCardItem.swift in Sources */ = {isa = PBXBuildFile; fileRef = 7173001229B3218B00714912 /* FlagCardItem.swift */; };
		7173001529B329AA00714912 /* SignInPage.swift in Sources */ = {isa = PBXBuildFile; fileRef = 7173001429B329AA00714912 /* SignInPage.swift */; };
		71737176299F7ACA009DF509 /* PayForFlag.swift in Sources */ = {isa = PBXBuildFile; fileRef = 71737175299F7ACA009DF509 /* PayForFlag.swift */; };
		7193433D298E4D6B007C8E6A /* Home.swift in Sources */ = {isa = PBXBuildFile; fileRef = 7193433C298E4D6B007C8E6A /* Home.swift */; };
		71934340298E4D98007C8E6A /* OldgeneralContentView.swift in Sources */ = {isa = PBXBuildFile; fileRef = 7193433F298E4D98007C8E6A /* OldgeneralContentView.swift */; };
		719A61C629444B1100E9E7AD /* OldGeneralApp.swift in Sources */ = {isa = PBXBuildFile; fileRef = 719A61C529444B1100E9E7AD /* OldGeneralApp.swift */; };
		719A61CA29444B1200E9E7AD /* Assets.xcassets in Resources */ = {isa = PBXBuildFile; fileRef = 719A61C929444B1200E9E7AD /* Assets.xcassets */; };
		719A61CD29444B1200E9E7AD /* Preview Assets.xcassets in Resources */ = {isa = PBXBuildFile; fileRef = 719A61CC29444B1200E9E7AD /* Preview Assets.xcassets */; };
		719A61D729444B1300E9E7AD /* OldGeneralTests.swift in Sources */ = {isa = PBXBuildFile; fileRef = 719A61D629444B1300E9E7AD /* OldGeneralTests.swift */; };
		719A61E129444B1300E9E7AD /* OldGeneralUITests.swift in Sources */ = {isa = PBXBuildFile; fileRef = 719A61E029444B1300E9E7AD /* OldGeneralUITests.swift */; };
		719A61E329444B1300E9E7AD /* OldGeneralUITestsLaunchTests.swift in Sources */ = {isa = PBXBuildFile; fileRef = 719A61E229444B1300E9E7AD /* OldGeneralUITestsLaunchTests.swift */; };
		71A5A00729B0F6B600A60D31 /* UploadAvatarvPage.swift in Sources */ = {isa = PBXBuildFile; fileRef = 71A5A00629B0F6B600A60D31 /* UploadAvatarvPage.swift */; };
		71A5A00929B0F90900A60D31 /* UpdateUserNamePage.swift in Sources */ = {isa = PBXBuildFile; fileRef = 71A5A00829B0F90900A60D31 /* UpdateUserNamePage.swift */; };
		71A5A00B29B0F9C700A60D31 /* UploadSexPage.swift in Sources */ = {isa = PBXBuildFile; fileRef = 71A5A00A29B0F9C700A60D31 /* UploadSexPage.swift */; };
		71A5A00D29B0FA8900A60D31 /* UpdateSignaturePage.swift in Sources */ = {isa = PBXBuildFile; fileRef = 71A5A00C29B0FA8900A60D31 /* UpdateSignaturePage.swift */; };
		71A5A00F29B0FFE100A60D31 /* SexItem.swift in Sources */ = {isa = PBXBuildFile; fileRef = 71A5A00E29B0FFE100A60D31 /* SexItem.swift */; };
		71A5E50229A7A1480080124E /* time.swift in Sources */ = {isa = PBXBuildFile; fileRef = 71A5E50129A7A1480080124E /* time.swift */; };
		71A5E50429A7A2830080124E /* MyFlags.swift in Sources */ = {isa = PBXBuildFile; fileRef = 71A5E50329A7A2830080124E /* MyFlags.swift */; };
		71A5E50629A7A2E90080124E /* Flag.swift in Sources */ = {isa = PBXBuildFile; fileRef = 71A5E50529A7A2E90080124E /* Flag.swift */; };
		71A5E50929A7AB7B0080124E /* LoginPage.swift in Sources */ = {isa = PBXBuildFile; fileRef = 71A5E50829A7AB7B0080124E /* LoginPage.swift */; };
		71A5E50B29A7AB900080124E /* RegisterPage.swift in Sources */ = {isa = PBXBuildFile; fileRef = 71A5E50A29A7AB900080124E /* RegisterPage.swift */; };
		71A5E50E29A7B40A0080124E /* Main.swift in Sources */ = {isa = PBXBuildFile; fileRef = 71A5E50D29A7B40A0080124E /* Main.swift */; };
		71A5E52929A8FE670080124E /* SearchBar.swift in Sources */ = {isa = PBXBuildFile; fileRef = 71A5E52829A8FE670080124E /* SearchBar.swift */; };
		71A5E52C29A90F5E0080124E /* Message.swift in Sources */ = {isa = PBXBuildFile; fileRef = 71A5E52B29A90F5E0080124E /* Message.swift */; };
		71BEA7B829AA2D9B00C8C3DE /* http.swift in Sources */ = {isa = PBXBuildFile; fileRef = 71BEA7B729AA2D9B00C8C3DE /* http.swift */; };
		71BEA7BA29AA49FD00C8C3DE /* Token.swift in Sources */ = {isa = PBXBuildFile; fileRef = 71BEA7B929AA49FD00C8C3DE /* Token.swift */; };
		71BEA7BD29AA5E8B00C8C3DE /* WalletPage.swift in Sources */ = {isa = PBXBuildFile; fileRef = 71BEA7BC29AA5E8B00C8C3DE /* WalletPage.swift */; };
		71BEA7C129AB814200C8C3DE /* Login.swift in Sources */ = {isa = PBXBuildFile; fileRef = 71BEA7C029AB814200C8C3DE /* Login.swift */; };
		71BEA7C529ABA5DA00C8C3DE /* Register.swift in Sources */ = {isa = PBXBuildFile; fileRef = 71BEA7C429ABA5DA00C8C3DE /* Register.swift */; };
		71BEA7C729ABA73C00C8C3DE /* error.swift in Sources */ = {isa = PBXBuildFile; fileRef = 71BEA7C629ABA73C00C8C3DE /* error.swift */; };
		71BEA7CA29ABAA8E00C8C3DE /* SettingsPage.swift in Sources */ = {isa = PBXBuildFile; fileRef = 71BEA7C929ABAA8E00C8C3DE /* SettingsPage.swift */; };
		71BEA7CC29ABAF7F00C8C3DE /* QAPage.swift in Sources */ = {isa = PBXBuildFile; fileRef = 71BEA7CB29ABAF7F00C8C3DE /* QAPage.swift */; };
		71BEA7CE29ABAF9600C8C3DE /* VIPPage.swift in Sources */ = {isa = PBXBuildFile; fileRef = 71BEA7CD29ABAF9600C8C3DE /* VIPPage.swift */; };
		71BEA7D129ABB07D00C8C3DE /* UserInfoEditPage.swift in Sources */ = {isa = PBXBuildFile; fileRef = 71BEA7D029ABB07D00C8C3DE /* UserInfoEditPage.swift */; };
		71BEA7D529ABB10200C8C3DE /* FlagInfoPage.swift in Sources */ = {isa = PBXBuildFile; fileRef = 71BEA7D429ABB10200C8C3DE /* FlagInfoPage.swift */; };
		71C8269529ACD90D0084885B /* FlowDetailsPage.swift in Sources */ = {isa = PBXBuildFile; fileRef = 71C8269429ACD90D0084885B /* FlowDetailsPage.swift */; };
		71C8269729ACDB3A0084885B /* RechargePage.swift in Sources */ = {isa = PBXBuildFile; fileRef = 71C8269629ACDB3A0084885B /* RechargePage.swift */; };
		71C8269A29ACDDC80084885B /* FlowDetailsItem.swift in Sources */ = {isa = PBXBuildFile; fileRef = 71C8269929ACDDC80084885B /* FlowDetailsItem.swift */; };
		71C8269C29ACE18A0084885B /* RechargeItem.swift in Sources */ = {isa = PBXBuildFile; fileRef = 71C8269B29ACE18A0084885B /* RechargeItem.swift */; };
		71F16DA129A797C6009F602F /* MyFlagItem.swift in Sources */ = {isa = PBXBuildFile; fileRef = 71F16DA029A797C6009F602F /* MyFlagItem.swift */; };
		BA25FF53C8C36D57C95880AB /* Pods_OldGeneral_OldGeneralUITests.framework in Frameworks */ = {isa = PBXBuildFile; fileRef = DFFF5CB5BFF17400C1768C00 /* Pods_OldGeneral_OldGeneralUITests.framework */; };
/* End PBXBuildFile section */

/* Begin PBXContainerItemProxy section */
		719A61D329444B1300E9E7AD /* PBXContainerItemProxy */ = {
			isa = PBXContainerItemProxy;
			containerPortal = 719A61BA29444B1100E9E7AD /* Project object */;
			proxyType = 1;
			remoteGlobalIDString = 719A61C129444B1100E9E7AD;
			remoteInfo = OldGeneral;
		};
		719A61DD29444B1300E9E7AD /* PBXContainerItemProxy */ = {
			isa = PBXContainerItemProxy;
			containerPortal = 719A61BA29444B1100E9E7AD /* Project object */;
			proxyType = 1;
			remoteGlobalIDString = 719A61C129444B1100E9E7AD;
			remoteInfo = OldGeneral;
		};
/* End PBXContainerItemProxy section */

/* Begin PBXFileReference section */
		0516154D32DB524D5A748064 /* Pods-OldGeneral-OldGeneralUITests.debug.xcconfig */ = {isa = PBXFileReference; includeInIndex = 1; lastKnownFileType = text.xcconfig; name = "Pods-OldGeneral-OldGeneralUITests.debug.xcconfig"; path = "Target Support Files/Pods-OldGeneral-OldGeneralUITests/Pods-OldGeneral-OldGeneralUITests.debug.xcconfig"; sourceTree = "<group>"; };
		1D863E87822089645F966059 /* Pods-OldGeneralTests.debug.xcconfig */ = {isa = PBXFileReference; includeInIndex = 1; lastKnownFileType = text.xcconfig; name = "Pods-OldGeneralTests.debug.xcconfig"; path = "Target Support Files/Pods-OldGeneralTests/Pods-OldGeneralTests.debug.xcconfig"; sourceTree = "<group>"; };
		3555A7502E210E979461EB8E /* Pods_OldGeneralTests.framework */ = {isa = PBXFileReference; explicitFileType = wrapper.framework; includeInIndex = 0; path = Pods_OldGeneralTests.framework; sourceTree = BUILT_PRODUCTS_DIR; };
		389E05D4B46EF30282A61D53 /* Pods-OldGeneral-OldGeneralTests.release.xcconfig */ = {isa = PBXFileReference; includeInIndex = 1; lastKnownFileType = text.xcconfig; name = "Pods-OldGeneral-OldGeneralTests.release.xcconfig"; path = "Target Support Files/Pods-OldGeneral-OldGeneralTests/Pods-OldGeneral-OldGeneralTests.release.xcconfig"; sourceTree = "<group>"; };
		44F3E23518A99DBEA88E8C91 /* Pods-OldGeneral.release.xcconfig */ = {isa = PBXFileReference; includeInIndex = 1; lastKnownFileType = text.xcconfig; name = "Pods-OldGeneral.release.xcconfig"; path = "Target Support Files/Pods-OldGeneral/Pods-OldGeneral.release.xcconfig"; sourceTree = "<group>"; };
		556A33E6C69E039010433FBF /* Pods-OldGeneral-OldGeneralTests.debug.xcconfig */ = {isa = PBXFileReference; includeInIndex = 1; lastKnownFileType = text.xcconfig; name = "Pods-OldGeneral-OldGeneralTests.debug.xcconfig"; path = "Target Support Files/Pods-OldGeneral-OldGeneralTests/Pods-OldGeneral-OldGeneralTests.debug.xcconfig"; sourceTree = "<group>"; };
		7103952D298E52B80035400F /* FlagSquare.swift */ = {isa = PBXFileReference; lastKnownFileType = sourcecode.swift; path = FlagSquare.swift; sourceTree = "<group>"; };
		7103952F298E56DC0035400F /* UserInfo.swift */ = {isa = PBXFileReference; lastKnownFileType = sourcecode.swift; path = UserInfo.swift; sourceTree = "<group>"; };
		71039531298E626A0035400F /* AccountButton.swift */ = {isa = PBXFileReference; lastKnownFileType = sourcecode.swift; path = AccountButton.swift; sourceTree = "<group>"; };
		71039533298E67230035400F /* SettingButton.swift */ = {isa = PBXFileReference; lastKnownFileType = sourcecode.swift; path = SettingButton.swift; sourceTree = "<group>"; };
		71039536298E67BB0035400F /* QAButton.swift */ = {isa = PBXFileReference; lastKnownFileType = sourcecode.swift; path = QAButton.swift; sourceTree = "<group>"; };
		71039538298E68410035400F /* VIPButton.swift */ = {isa = PBXFileReference; lastKnownFileType = sourcecode.swift; path = VIPButton.swift; sourceTree = "<group>"; };
		7103953B298F585F0035400F /* CreateFlag.swift */ = {isa = PBXFileReference; lastKnownFileType = sourcecode.swift; path = CreateFlag.swift; sourceTree = "<group>"; };
		7150138029A65A7000FD155F /* FlagSquareItem.swift */ = {isa = PBXFileReference; lastKnownFileType = sourcecode.swift; path = FlagSquareItem.swift; sourceTree = "<group>"; };
		7151160629B0DB32006A40DD /* VIPDescriptionPage.swift */ = {isa = PBXFileReference; lastKnownFileType = sourcecode.swift; path = VIPDescriptionPage.swift; sourceTree = "<group>"; };
		7151160929B0DBFE006A40DD /* VIPPrivilegesItem.swift */ = {isa = PBXFileReference; lastKnownFileType = sourcecode.swift; path = VIPPrivilegesItem.swift; sourceTree = "<group>"; };
		7151160B29B0E411006A40DD /* VIPChargeItem.swift */ = {isa = PBXFileReference; lastKnownFileType = sourcecode.swift; path = VIPChargeItem.swift; sourceTree = "<group>"; };
		7151160D29B0E7C1006A40DD /* VIPChargePage.swift */ = {isa = PBXFileReference; lastKnownFileType = sourcecode.swift; path = VIPChargePage.swift; sourceTree = "<group>"; };
		7173001029B31C7200714912 /* FlagDetailInfoItem.swift */ = {isa = PBXFileReference; lastKnownFileType = sourcecode.swift; path = FlagDetailInfoItem.swift; sourceTree = "<group>"; };
		7173001229B3218B00714912 /* FlagCardItem.swift */ = {isa = PBXFileReference; lastKnownFileType = sourcecode.swift; path = FlagCardItem.swift; sourceTree = "<group>"; };
		7173001429B329AA00714912 /* SignInPage.swift */ = {isa = PBXFileReference; lastKnownFileType = sourcecode.swift; path = SignInPage.swift; sourceTree = "<group>"; };
		71737175299F7ACA009DF509 /* PayForFlag.swift */ = {isa = PBXFileReference; lastKnownFileType = sourcecode.swift; path = PayForFlag.swift; sourceTree = "<group>"; };
		7193433C298E4D6B007C8E6A /* Home.swift */ = {isa = PBXFileReference; lastKnownFileType = sourcecode.swift; path = Home.swift; sourceTree = "<group>"; };
		7193433F298E4D98007C8E6A /* OldgeneralContentView.swift */ = {isa = PBXFileReference; lastKnownFileType = sourcecode.swift; path = OldgeneralContentView.swift; sourceTree = "<group>"; };
		719A61C229444B1100E9E7AD /* OldGeneral.app */ = {isa = PBXFileReference; explicitFileType = wrapper.application; includeInIndex = 0; path = OldGeneral.app; sourceTree = BUILT_PRODUCTS_DIR; };
		719A61C529444B1100E9E7AD /* OldGeneralApp.swift */ = {isa = PBXFileReference; lastKnownFileType = sourcecode.swift; path = OldGeneralApp.swift; sourceTree = "<group>"; };
		719A61C929444B1200E9E7AD /* Assets.xcassets */ = {isa = PBXFileReference; lastKnownFileType = folder.assetcatalog; path = Assets.xcassets; sourceTree = "<group>"; };
		719A61CC29444B1200E9E7AD /* Preview Assets.xcassets */ = {isa = PBXFileReference; lastKnownFileType = folder.assetcatalog; path = "Preview Assets.xcassets"; sourceTree = "<group>"; };
		719A61D229444B1300E9E7AD /* OldGeneralTests.xctest */ = {isa = PBXFileReference; explicitFileType = wrapper.cfbundle; includeInIndex = 0; path = OldGeneralTests.xctest; sourceTree = BUILT_PRODUCTS_DIR; };
		719A61D629444B1300E9E7AD /* OldGeneralTests.swift */ = {isa = PBXFileReference; lastKnownFileType = sourcecode.swift; path = OldGeneralTests.swift; sourceTree = "<group>"; };
		719A61DC29444B1300E9E7AD /* OldGeneralUITests.xctest */ = {isa = PBXFileReference; explicitFileType = wrapper.cfbundle; includeInIndex = 0; path = OldGeneralUITests.xctest; sourceTree = BUILT_PRODUCTS_DIR; };
		719A61E029444B1300E9E7AD /* OldGeneralUITests.swift */ = {isa = PBXFileReference; lastKnownFileType = sourcecode.swift; path = OldGeneralUITests.swift; sourceTree = "<group>"; };
		719A61E229444B1300E9E7AD /* OldGeneralUITestsLaunchTests.swift */ = {isa = PBXFileReference; lastKnownFileType = sourcecode.swift; path = OldGeneralUITestsLaunchTests.swift; sourceTree = "<group>"; };
		71A5A00629B0F6B600A60D31 /* UploadAvatarvPage.swift */ = {isa = PBXFileReference; lastKnownFileType = sourcecode.swift; path = UploadAvatarvPage.swift; sourceTree = "<group>"; };
		71A5A00829B0F90900A60D31 /* UpdateUserNamePage.swift */ = {isa = PBXFileReference; lastKnownFileType = sourcecode.swift; path = UpdateUserNamePage.swift; sourceTree = "<group>"; };
		71A5A00A29B0F9C700A60D31 /* UploadSexPage.swift */ = {isa = PBXFileReference; lastKnownFileType = sourcecode.swift; path = UploadSexPage.swift; sourceTree = "<group>"; };
		71A5A00C29B0FA8900A60D31 /* UpdateSignaturePage.swift */ = {isa = PBXFileReference; lastKnownFileType = sourcecode.swift; path = UpdateSignaturePage.swift; sourceTree = "<group>"; };
		71A5A00E29B0FFE100A60D31 /* SexItem.swift */ = {isa = PBXFileReference; lastKnownFileType = sourcecode.swift; path = SexItem.swift; sourceTree = "<group>"; };
		71A5E50129A7A1480080124E /* time.swift */ = {isa = PBXFileReference; lastKnownFileType = sourcecode.swift; path = time.swift; sourceTree = "<group>"; };
		71A5E50329A7A2830080124E /* MyFlags.swift */ = {isa = PBXFileReference; lastKnownFileType = sourcecode.swift; path = MyFlags.swift; sourceTree = "<group>"; };
		71A5E50529A7A2E90080124E /* Flag.swift */ = {isa = PBXFileReference; lastKnownFileType = sourcecode.swift; path = Flag.swift; sourceTree = "<group>"; };
		71A5E50829A7AB7B0080124E /* LoginPage.swift */ = {isa = PBXFileReference; lastKnownFileType = sourcecode.swift; path = LoginPage.swift; sourceTree = "<group>"; };
		71A5E50A29A7AB900080124E /* RegisterPage.swift */ = {isa = PBXFileReference; lastKnownFileType = sourcecode.swift; path = RegisterPage.swift; sourceTree = "<group>"; };
		71A5E50D29A7B40A0080124E /* Main.swift */ = {isa = PBXFileReference; lastKnownFileType = sourcecode.swift; path = Main.swift; sourceTree = "<group>"; };
		71A5E52829A8FE670080124E /* SearchBar.swift */ = {isa = PBXFileReference; lastKnownFileType = sourcecode.swift; path = SearchBar.swift; sourceTree = "<group>"; };
		71A5E52B29A90F5E0080124E /* Message.swift */ = {isa = PBXFileReference; lastKnownFileType = sourcecode.swift; path = Message.swift; sourceTree = "<group>"; };
		71BEA7B729AA2D9B00C8C3DE /* http.swift */ = {isa = PBXFileReference; lastKnownFileType = sourcecode.swift; path = http.swift; sourceTree = "<group>"; };
		71BEA7B929AA49FD00C8C3DE /* Token.swift */ = {isa = PBXFileReference; lastKnownFileType = sourcecode.swift; path = Token.swift; sourceTree = "<group>"; };
		71BEA7BC29AA5E8B00C8C3DE /* WalletPage.swift */ = {isa = PBXFileReference; lastKnownFileType = sourcecode.swift; path = WalletPage.swift; sourceTree = "<group>"; };
		71BEA7C029AB814200C8C3DE /* Login.swift */ = {isa = PBXFileReference; lastKnownFileType = sourcecode.swift; path = Login.swift; sourceTree = "<group>"; };
		71BEA7C429ABA5DA00C8C3DE /* Register.swift */ = {isa = PBXFileReference; lastKnownFileType = sourcecode.swift; path = Register.swift; sourceTree = "<group>"; };
		71BEA7C629ABA73C00C8C3DE /* error.swift */ = {isa = PBXFileReference; lastKnownFileType = sourcecode.swift; path = error.swift; sourceTree = "<group>"; };
		71BEA7C929ABAA8E00C8C3DE /* SettingsPage.swift */ = {isa = PBXFileReference; lastKnownFileType = sourcecode.swift; path = SettingsPage.swift; sourceTree = "<group>"; };
		71BEA7CB29ABAF7F00C8C3DE /* QAPage.swift */ = {isa = PBXFileReference; lastKnownFileType = sourcecode.swift; path = QAPage.swift; sourceTree = "<group>"; };
		71BEA7CD29ABAF9600C8C3DE /* VIPPage.swift */ = {isa = PBXFileReference; lastKnownFileType = sourcecode.swift; path = VIPPage.swift; sourceTree = "<group>"; };
		71BEA7D029ABB07D00C8C3DE /* UserInfoEditPage.swift */ = {isa = PBXFileReference; lastKnownFileType = sourcecode.swift; path = UserInfoEditPage.swift; sourceTree = "<group>"; };
		71BEA7D429ABB10200C8C3DE /* FlagInfoPage.swift */ = {isa = PBXFileReference; lastKnownFileType = sourcecode.swift; path = FlagInfoPage.swift; sourceTree = "<group>"; };
		71C8269429ACD90D0084885B /* FlowDetailsPage.swift */ = {isa = PBXFileReference; lastKnownFileType = sourcecode.swift; path = FlowDetailsPage.swift; sourceTree = "<group>"; };
		71C8269629ACDB3A0084885B /* RechargePage.swift */ = {isa = PBXFileReference; lastKnownFileType = sourcecode.swift; path = RechargePage.swift; sourceTree = "<group>"; };
		71C8269929ACDDC80084885B /* FlowDetailsItem.swift */ = {isa = PBXFileReference; lastKnownFileType = sourcecode.swift; path = FlowDetailsItem.swift; sourceTree = "<group>"; };
		71C8269B29ACE18A0084885B /* RechargeItem.swift */ = {isa = PBXFileReference; lastKnownFileType = sourcecode.swift; path = RechargeItem.swift; sourceTree = "<group>"; };
		71F16DA029A797C6009F602F /* MyFlagItem.swift */ = {isa = PBXFileReference; lastKnownFileType = sourcecode.swift; path = MyFlagItem.swift; sourceTree = "<group>"; };
		7B2B7126118C106ED3AB4DC4 /* Pods-OldGeneralTests.release.xcconfig */ = {isa = PBXFileReference; includeInIndex = 1; lastKnownFileType = text.xcconfig; name = "Pods-OldGeneralTests.release.xcconfig"; path = "Target Support Files/Pods-OldGeneralTests/Pods-OldGeneralTests.release.xcconfig"; sourceTree = "<group>"; };
		CFE81309D67EFFA8037328BD /* Pods-OldGeneral-OldGeneralUITests.release.xcconfig */ = {isa = PBXFileReference; includeInIndex = 1; lastKnownFileType = text.xcconfig; name = "Pods-OldGeneral-OldGeneralUITests.release.xcconfig"; path = "Target Support Files/Pods-OldGeneral-OldGeneralUITests/Pods-OldGeneral-OldGeneralUITests.release.xcconfig"; sourceTree = "<group>"; };
		DAC9C328DF9DC48133DB2B0B /* Pods-OldGeneral.debug.xcconfig */ = {isa = PBXFileReference; includeInIndex = 1; lastKnownFileType = text.xcconfig; name = "Pods-OldGeneral.debug.xcconfig"; path = "Target Support Files/Pods-OldGeneral/Pods-OldGeneral.debug.xcconfig"; sourceTree = "<group>"; };
		DDC7EF21CBD8F9881D746038 /* Pods_OldGeneral.framework */ = {isa = PBXFileReference; explicitFileType = wrapper.framework; includeInIndex = 0; path = Pods_OldGeneral.framework; sourceTree = BUILT_PRODUCTS_DIR; };
		DFFF5CB5BFF17400C1768C00 /* Pods_OldGeneral_OldGeneralUITests.framework */ = {isa = PBXFileReference; explicitFileType = wrapper.framework; includeInIndex = 0; path = Pods_OldGeneral_OldGeneralUITests.framework; sourceTree = BUILT_PRODUCTS_DIR; };
/* End PBXFileReference section */

/* Begin PBXFrameworksBuildPhase section */
		719A61BF29444B1100E9E7AD /* Frameworks */ = {
			isa = PBXFrameworksBuildPhase;
			buildActionMask = 2147483647;
			files = (
				4F87487EFEEE46A1BFE3F0D3 /* Pods_OldGeneral.framework in Frameworks */,
			);
			runOnlyForDeploymentPostprocessing = 0;
		};
		719A61CF29444B1300E9E7AD /* Frameworks */ = {
			isa = PBXFrameworksBuildPhase;
			buildActionMask = 2147483647;
			files = (
				4BBDB649B79272E5EDA39223 /* Pods_OldGeneralTests.framework in Frameworks */,
			);
			runOnlyForDeploymentPostprocessing = 0;
		};
		719A61D929444B1300E9E7AD /* Frameworks */ = {
			isa = PBXFrameworksBuildPhase;
			buildActionMask = 2147483647;
			files = (
				BA25FF53C8C36D57C95880AB /* Pods_OldGeneral_OldGeneralUITests.framework in Frameworks */,
			);
			runOnlyForDeploymentPostprocessing = 0;
		};
/* End PBXFrameworksBuildPhase section */

/* Begin PBXGroup section */
		0A33161E84538A49EA7B6B02 /* Frameworks */ = {
			isa = PBXGroup;
			children = (
				DDC7EF21CBD8F9881D746038 /* Pods_OldGeneral.framework */,
				DFFF5CB5BFF17400C1768C00 /* Pods_OldGeneral_OldGeneralUITests.framework */,
				3555A7502E210E979461EB8E /* Pods_OldGeneralTests.framework */,
			);
			name = Frameworks;
			sourceTree = "<group>";
		};
		7151160529B0DB21006A40DD /* VIP */ = {
			isa = PBXGroup;
			children = (
				71BEA7CD29ABAF9600C8C3DE /* VIPPage.swift */,
				7151160629B0DB32006A40DD /* VIPDescriptionPage.swift */,
				7151160929B0DBFE006A40DD /* VIPPrivilegesItem.swift */,
				7151160B29B0E411006A40DD /* VIPChargeItem.swift */,
				7151160D29B0E7C1006A40DD /* VIPChargePage.swift */,
			);
			path = VIP;
			sourceTree = "<group>";
		};
		719A61B929444B1100E9E7AD = {
			isa = PBXGroup;
			children = (
				719A61C429444B1100E9E7AD /* OldGeneral */,
				719A61D529444B1300E9E7AD /* OldGeneralTests */,
				719A61DF29444B1300E9E7AD /* OldGeneralUITests */,
				719A61C329444B1100E9E7AD /* Products */,
				B5F30F1F0115EB40B3777394 /* Pods */,
				0A33161E84538A49EA7B6B02 /* Frameworks */,
			);
			sourceTree = "<group>";
		};
		719A61C329444B1100E9E7AD /* Products */ = {
			isa = PBXGroup;
			children = (
				719A61C229444B1100E9E7AD /* OldGeneral.app */,
				719A61D229444B1300E9E7AD /* OldGeneralTests.xctest */,
				719A61DC29444B1300E9E7AD /* OldGeneralUITests.xctest */,
			);
			name = Products;
			sourceTree = "<group>";
		};
		719A61C429444B1100E9E7AD /* OldGeneral */ = {
			isa = PBXGroup;
			children = (
				71FB60422944B5B2004079E2 /* VIews */,
				71FB60432944B5C0004079E2 /* Model */,
				719A61C529444B1100E9E7AD /* OldGeneralApp.swift */,
				71FB60462944B6BE004079E2 /* Resource */,
				719A61C929444B1200E9E7AD /* Assets.xcassets */,
				719A61CB29444B1200E9E7AD /* Preview Content */,
			);
			path = OldGeneral;
			sourceTree = "<group>";
		};
		719A61CB29444B1200E9E7AD /* Preview Content */ = {
			isa = PBXGroup;
			children = (
				719A61CC29444B1200E9E7AD /* Preview Assets.xcassets */,
			);
			path = "Preview Content";
			sourceTree = "<group>";
		};
		719A61D529444B1300E9E7AD /* OldGeneralTests */ = {
			isa = PBXGroup;
			children = (
				719A61D629444B1300E9E7AD /* OldGeneralTests.swift */,
			);
			path = OldGeneralTests;
			sourceTree = "<group>";
		};
		719A61DF29444B1300E9E7AD /* OldGeneralUITests */ = {
			isa = PBXGroup;
			children = (
				719A61E029444B1300E9E7AD /* OldGeneralUITests.swift */,
				719A61E229444B1300E9E7AD /* OldGeneralUITestsLaunchTests.swift */,
			);
			path = OldGeneralUITests;
			sourceTree = "<group>";
		};
		71A5A00129B0F19A00A60D31 /* FlagSignIn */ = {
			isa = PBXGroup;
			children = (
				7173001429B329AA00714912 /* SignInPage.swift */,
			);
			path = FlagSignIn;
			sourceTree = "<group>";
		};
		71A5A00229B0F5B300A60D31 /* EditUserInfo */ = {
			isa = PBXGroup;
			children = (
				71BEA7D029ABB07D00C8C3DE /* UserInfoEditPage.swift */,
				71A5A00629B0F6B600A60D31 /* UploadAvatarvPage.swift */,
				71A5A00829B0F90900A60D31 /* UpdateUserNamePage.swift */,
				71A5A00A29B0F9C700A60D31 /* UploadSexPage.swift */,
				71A5A00C29B0FA8900A60D31 /* UpdateSignaturePage.swift */,
				71A5A00E29B0FFE100A60D31 /* SexItem.swift */,
			);
			path = EditUserInfo;
			sourceTree = "<group>";
		};
		71A5E50F29A7BA670080124E /* Login */ = {
			isa = PBXGroup;
			children = (
				71A5E50829A7AB7B0080124E /* LoginPage.swift */,
				71A5E50A29A7AB900080124E /* RegisterPage.swift */,
			);
			path = Login;
			sourceTree = "<group>";
		};
		71A5E51029A7BA920080124E /* Main */ = {
			isa = PBXGroup;
			children = (
				71A5E50D29A7B40A0080124E /* Main.swift */,
			);
			path = Main;
			sourceTree = "<group>";
		};
		71A5E51129A7BAA10080124E /* CreateFlag */ = {
			isa = PBXGroup;
			children = (
				7103953B298F585F0035400F /* CreateFlag.swift */,
				71737175299F7ACA009DF509 /* PayForFlag.swift */,
			);
			path = CreateFlag;
			sourceTree = "<group>";
		};
		71A5E51529A7BADB0080124E /* Home */ = {
			isa = PBXGroup;
			children = (
				71A5E51729A7BB3B0080124E /* Buttons */,
				7193433C298E4D6B007C8E6A /* Home.swift */,
				71F16DA029A797C6009F602F /* MyFlagItem.swift */,
				71A5E50329A7A2830080124E /* MyFlags.swift */,
			);
			path = Home;
			sourceTree = "<group>";
		};
		71A5E51629A7BAEA0080124E /* Helpers */ = {
			isa = PBXGroup;
			children = (
				71A5E50129A7A1480080124E /* time.swift */,
				71A5E52829A8FE670080124E /* SearchBar.swift */,
			);
			path = Helpers;
			sourceTree = "<group>";
		};
		71A5E51729A7BB3B0080124E /* Buttons */ = {
			isa = PBXGroup;
			children = (
				71039531298E626A0035400F /* AccountButton.swift */,
				71039533298E67230035400F /* SettingButton.swift */,
				71039536298E67BB0035400F /* QAButton.swift */,
				71039538298E68410035400F /* VIPButton.swift */,
			);
			name = Buttons;
			sourceTree = "<group>";
		};
		71A5E51D29A7BC1C0080124E /* FlagSquare */ = {
			isa = PBXGroup;
			children = (
				7103952D298E52B80035400F /* FlagSquare.swift */,
				7150138029A65A7000FD155F /* FlagSquareItem.swift */,
			);
			path = FlagSquare;
			sourceTree = "<group>";
		};
		71A5E52A29A90F500080124E /* Message */ = {
			isa = PBXGroup;
			children = (
				71A5E52B29A90F5E0080124E /* Message.swift */,
			);
			path = Message;
			sourceTree = "<group>";
		};
		71BEA7BE29AB810800C8C3DE /* HTTP */ = {
			isa = PBXGroup;
			children = (
				71BEA7C329ABA5BA00C8C3DE /* Login */,
				71BEA7B729AA2D9B00C8C3DE /* http.swift */,
				71BEA7C629ABA73C00C8C3DE /* error.swift */,
			);
			path = HTTP;
			sourceTree = "<group>";
		};
		71BEA7C329ABA5BA00C8C3DE /* Login */ = {
			isa = PBXGroup;
			children = (
				71BEA7B929AA49FD00C8C3DE /* Token.swift */,
				71BEA7C029AB814200C8C3DE /* Login.swift */,
				71BEA7C429ABA5DA00C8C3DE /* Register.swift */,
			);
			path = Login;
			sourceTree = "<group>";
		};
		71BEA7C829ABAA6B00C8C3DE /* Components */ = {
			isa = PBXGroup;
			children = (
				71BEA7C929ABAA8E00C8C3DE /* SettingsPage.swift */,
				71BEA7CB29ABAF7F00C8C3DE /* QAPage.swift */,
			);
			path = Components;
			sourceTree = "<group>";
		};
		71BEA7CF29ABB06A00C8C3DE /* UserInfo */ = {
			isa = PBXGroup;
			children = (
				7103952F298E56DC0035400F /* UserInfo.swift */,
				71A5A00229B0F5B300A60D31 /* EditUserInfo */,
			);
			path = UserInfo;
			sourceTree = "<group>";
		};
		71BEA7D229ABB0E900C8C3DE /* Flag */ = {
			isa = PBXGroup;
			children = (
				71A5A00129B0F19A00A60D31 /* FlagSignIn */,
				71BEA7D329ABB0F600C8C3DE /* FlagInfo */,
				71A5E51129A7BAA10080124E /* CreateFlag */,
			);
			path = Flag;
			sourceTree = "<group>";
		};
		71BEA7D329ABB0F600C8C3DE /* FlagInfo */ = {
			isa = PBXGroup;
			children = (
				71BEA7D429ABB10200C8C3DE /* FlagInfoPage.swift */,
				7173001029B31C7200714912 /* FlagDetailInfoItem.swift */,
				7173001229B3218B00714912 /* FlagCardItem.swift */,
			);
			path = FlagInfo;
			sourceTree = "<group>";
		};
		71C8269829ACDDAE0084885B /* Wallet */ = {
			isa = PBXGroup;
			children = (
				7151160529B0DB21006A40DD /* VIP */,
				71BEA7BC29AA5E8B00C8C3DE /* WalletPage.swift */,
				71C8269929ACDDC80084885B /* FlowDetailsItem.swift */,
				71C8269629ACDB3A0084885B /* RechargePage.swift */,
				71C8269429ACD90D0084885B /* FlowDetailsPage.swift */,
				71C8269B29ACE18A0084885B /* RechargeItem.swift */,
			);
			path = Wallet;
			sourceTree = "<group>";
		};
		71FB60422944B5B2004079E2 /* VIews */ = {
			isa = PBXGroup;
			children = (
				71C8269829ACDDAE0084885B /* Wallet */,
				71BEA7D229ABB0E900C8C3DE /* Flag */,
				71BEA7CF29ABB06A00C8C3DE /* UserInfo */,
				71A5E52A29A90F500080124E /* Message */,
				71BEA7C829ABAA6B00C8C3DE /* Components */,
				71A5E51D29A7BC1C0080124E /* FlagSquare */,
				71A5E51629A7BAEA0080124E /* Helpers */,
				71A5E51529A7BADB0080124E /* Home */,
				71A5E51029A7BA920080124E /* Main */,
				71A5E50F29A7BA670080124E /* Login */,
				7193433F298E4D98007C8E6A /* OldgeneralContentView.swift */,
			);
			name = VIews;
			sourceTree = "<group>";
		};
		71FB60432944B5C0004079E2 /* Model */ = {
			isa = PBXGroup;
			children = (
				71BEA7BE29AB810800C8C3DE /* HTTP */,
				71A5E50529A7A2E90080124E /* Flag.swift */,
			);
			path = Model;
			sourceTree = "<group>";
		};
		71FB60462944B6BE004079E2 /* Resource */ = {
			isa = PBXGroup;
			children = (
			);
			name = Resource;
			sourceTree = "<group>";
		};
		B5F30F1F0115EB40B3777394 /* Pods */ = {
			isa = PBXGroup;
			children = (
				DAC9C328DF9DC48133DB2B0B /* Pods-OldGeneral.debug.xcconfig */,
				44F3E23518A99DBEA88E8C91 /* Pods-OldGeneral.release.xcconfig */,
				0516154D32DB524D5A748064 /* Pods-OldGeneral-OldGeneralUITests.debug.xcconfig */,
				CFE81309D67EFFA8037328BD /* Pods-OldGeneral-OldGeneralUITests.release.xcconfig */,
				1D863E87822089645F966059 /* Pods-OldGeneralTests.debug.xcconfig */,
				7B2B7126118C106ED3AB4DC4 /* Pods-OldGeneralTests.release.xcconfig */,
				556A33E6C69E039010433FBF /* Pods-OldGeneral-OldGeneralTests.debug.xcconfig */,
				389E05D4B46EF30282A61D53 /* Pods-OldGeneral-OldGeneralTests.release.xcconfig */,
			);
			path = Pods;
			sourceTree = "<group>";
		};
/* End PBXGroup section */

/* Begin PBXNativeTarget section */
		719A61C129444B1100E9E7AD /* OldGeneral */ = {
			isa = PBXNativeTarget;
			buildConfigurationList = 719A61E629444B1300E9E7AD /* Build configuration list for PBXNativeTarget "OldGeneral" */;
			buildPhases = (
				D814C00C764A9994FC66EA20 /* [CP] Check Pods Manifest.lock */,
				719A61BE29444B1100E9E7AD /* Sources */,
				719A61BF29444B1100E9E7AD /* Frameworks */,
				719A61C029444B1100E9E7AD /* Resources */,
				B6858D2EC197AB9F6CF8F11E /* [CP] Embed Pods Frameworks */,
			);
			buildRules = (
			);
			dependencies = (
			);
			name = OldGeneral;
			productName = OldGeneral;
			productReference = 719A61C229444B1100E9E7AD /* OldGeneral.app */;
			productType = "com.apple.product-type.application";
		};
		719A61D129444B1300E9E7AD /* OldGeneralTests */ = {
			isa = PBXNativeTarget;
			buildConfigurationList = 719A61E929444B1300E9E7AD /* Build configuration list for PBXNativeTarget "OldGeneralTests" */;
			buildPhases = (
				43D33E53568088B806367B1C /* [CP] Check Pods Manifest.lock */,
				719A61CE29444B1300E9E7AD /* Sources */,
				719A61CF29444B1300E9E7AD /* Frameworks */,
				719A61D029444B1300E9E7AD /* Resources */,
			);
			buildRules = (
			);
			dependencies = (
				719A61D429444B1300E9E7AD /* PBXTargetDependency */,
			);
			name = OldGeneralTests;
			productName = OldGeneralTests;
			productReference = 719A61D229444B1300E9E7AD /* OldGeneralTests.xctest */;
			productType = "com.apple.product-type.bundle.unit-test";
		};
		719A61DB29444B1300E9E7AD /* OldGeneralUITests */ = {
			isa = PBXNativeTarget;
			buildConfigurationList = 719A61EC29444B1300E9E7AD /* Build configuration list for PBXNativeTarget "OldGeneralUITests" */;
			buildPhases = (
				EE4BA167733A496328852129 /* [CP] Check Pods Manifest.lock */,
				719A61D829444B1300E9E7AD /* Sources */,
				719A61D929444B1300E9E7AD /* Frameworks */,
				719A61DA29444B1300E9E7AD /* Resources */,
				CE025EDC178EC2C4CFAD0B82 /* [CP] Embed Pods Frameworks */,
			);
			buildRules = (
			);
			dependencies = (
				719A61DE29444B1300E9E7AD /* PBXTargetDependency */,
			);
			name = OldGeneralUITests;
			productName = OldGeneralUITests;
			productReference = 719A61DC29444B1300E9E7AD /* OldGeneralUITests.xctest */;
			productType = "com.apple.product-type.bundle.ui-testing";
		};
/* End PBXNativeTarget section */

/* Begin PBXProject section */
		719A61BA29444B1100E9E7AD /* Project object */ = {
			isa = PBXProject;
			attributes = {
				BuildIndependentTargetsInParallel = 1;
				LastSwiftUpdateCheck = 1410;
				LastUpgradeCheck = 1410;
				TargetAttributes = {
					719A61C129444B1100E9E7AD = {
						CreatedOnToolsVersion = 14.1;
					};
					719A61D129444B1300E9E7AD = {
						CreatedOnToolsVersion = 14.1;
						TestTargetID = 719A61C129444B1100E9E7AD;
					};
					719A61DB29444B1300E9E7AD = {
						CreatedOnToolsVersion = 14.1;
						TestTargetID = 719A61C129444B1100E9E7AD;
					};
				};
			};
			buildConfigurationList = 719A61BD29444B1100E9E7AD /* Build configuration list for PBXProject "OldGeneral" */;
			compatibilityVersion = "Xcode 14.0";
			developmentRegion = en;
			hasScannedForEncodings = 0;
			knownRegions = (
				en,
				Base,
			);
			mainGroup = 719A61B929444B1100E9E7AD;
			productRefGroup = 719A61C329444B1100E9E7AD /* Products */;
			projectDirPath = "";
			projectRoot = "";
			targets = (
				719A61C129444B1100E9E7AD /* OldGeneral */,
				719A61D129444B1300E9E7AD /* OldGeneralTests */,
				719A61DB29444B1300E9E7AD /* OldGeneralUITests */,
			);
		};
/* End PBXProject section */

/* Begin PBXResourcesBuildPhase section */
		719A61C029444B1100E9E7AD /* Resources */ = {
			isa = PBXResourcesBuildPhase;
			buildActionMask = 2147483647;
			files = (
				719A61CD29444B1200E9E7AD /* Preview Assets.xcassets in Resources */,
				719A61CA29444B1200E9E7AD /* Assets.xcassets in Resources */,
			);
			runOnlyForDeploymentPostprocessing = 0;
		};
		719A61D029444B1300E9E7AD /* Resources */ = {
			isa = PBXResourcesBuildPhase;
			buildActionMask = 2147483647;
			files = (
			);
			runOnlyForDeploymentPostprocessing = 0;
		};
		719A61DA29444B1300E9E7AD /* Resources */ = {
			isa = PBXResourcesBuildPhase;
			buildActionMask = 2147483647;
			files = (
			);
			runOnlyForDeploymentPostprocessing = 0;
		};
/* End PBXResourcesBuildPhase section */

/* Begin PBXShellScriptBuildPhase section */
		43D33E53568088B806367B1C /* [CP] Check Pods Manifest.lock */ = {
			isa = PBXShellScriptBuildPhase;
			buildActionMask = 2147483647;
			files = (
			);
			inputFileListPaths = (
			);
			inputPaths = (
				"${PODS_PODFILE_DIR_PATH}/Podfile.lock",
				"${PODS_ROOT}/Manifest.lock",
			);
			name = "[CP] Check Pods Manifest.lock";
			outputFileListPaths = (
			);
			outputPaths = (
				"$(DERIVED_FILE_DIR)/Pods-OldGeneralTests-checkManifestLockResult.txt",
			);
			runOnlyForDeploymentPostprocessing = 0;
			shellPath = /bin/sh;
			shellScript = "diff \"${PODS_PODFILE_DIR_PATH}/Podfile.lock\" \"${PODS_ROOT}/Manifest.lock\" > /dev/null\nif [ $? != 0 ] ; then\n    # print error to STDERR\n    echo \"error: The sandbox is not in sync with the Podfile.lock. Run 'pod install' or update your CocoaPods installation.\" >&2\n    exit 1\nfi\n# This output is used by Xcode 'outputs' to avoid re-running this script phase.\necho \"SUCCESS\" > \"${SCRIPT_OUTPUT_FILE_0}\"\n";
			showEnvVarsInLog = 0;
		};
		B6858D2EC197AB9F6CF8F11E /* [CP] Embed Pods Frameworks */ = {
			isa = PBXShellScriptBuildPhase;
			buildActionMask = 2147483647;
			files = (
			);
			inputFileListPaths = (
				"${PODS_ROOT}/Target Support Files/Pods-OldGeneral/Pods-OldGeneral-frameworks-${CONFIGURATION}-input-files.xcfilelist",
			);
			name = "[CP] Embed Pods Frameworks";
			outputFileListPaths = (
				"${PODS_ROOT}/Target Support Files/Pods-OldGeneral/Pods-OldGeneral-frameworks-${CONFIGURATION}-output-files.xcfilelist",
			);
			runOnlyForDeploymentPostprocessing = 0;
			shellPath = /bin/sh;
			shellScript = "\"${PODS_ROOT}/Target Support Files/Pods-OldGeneral/Pods-OldGeneral-frameworks.sh\"\n";
			showEnvVarsInLog = 0;
		};
		CE025EDC178EC2C4CFAD0B82 /* [CP] Embed Pods Frameworks */ = {
			isa = PBXShellScriptBuildPhase;
			buildActionMask = 2147483647;
			files = (
			);
			inputFileListPaths = (
				"${PODS_ROOT}/Target Support Files/Pods-OldGeneral-OldGeneralUITests/Pods-OldGeneral-OldGeneralUITests-frameworks-${CONFIGURATION}-input-files.xcfilelist",
			);
			name = "[CP] Embed Pods Frameworks";
			outputFileListPaths = (
				"${PODS_ROOT}/Target Support Files/Pods-OldGeneral-OldGeneralUITests/Pods-OldGeneral-OldGeneralUITests-frameworks-${CONFIGURATION}-output-files.xcfilelist",
			);
			runOnlyForDeploymentPostprocessing = 0;
			shellPath = /bin/sh;
			shellScript = "\"${PODS_ROOT}/Target Support Files/Pods-OldGeneral-OldGeneralUITests/Pods-OldGeneral-OldGeneralUITests-frameworks.sh\"\n";
			showEnvVarsInLog = 0;
		};
		D814C00C764A9994FC66EA20 /* [CP] Check Pods Manifest.lock */ = {
			isa = PBXShellScriptBuildPhase;
			buildActionMask = 2147483647;
			files = (
			);
			inputFileListPaths = (
			);
			inputPaths = (
				"${PODS_PODFILE_DIR_PATH}/Podfile.lock",
				"${PODS_ROOT}/Manifest.lock",
			);
			name = "[CP] Check Pods Manifest.lock";
			outputFileListPaths = (
			);
			outputPaths = (
				"$(DERIVED_FILE_DIR)/Pods-OldGeneral-checkManifestLockResult.txt",
			);
			runOnlyForDeploymentPostprocessing = 0;
			shellPath = /bin/sh;
			shellScript = "diff \"${PODS_PODFILE_DIR_PATH}/Podfile.lock\" \"${PODS_ROOT}/Manifest.lock\" > /dev/null\nif [ $? != 0 ] ; then\n    # print error to STDERR\n    echo \"error: The sandbox is not in sync with the Podfile.lock. Run 'pod install' or update your CocoaPods installation.\" >&2\n    exit 1\nfi\n# This output is used by Xcode 'outputs' to avoid re-running this script phase.\necho \"SUCCESS\" > \"${SCRIPT_OUTPUT_FILE_0}\"\n";
			showEnvVarsInLog = 0;
		};
		EE4BA167733A496328852129 /* [CP] Check Pods Manifest.lock */ = {
			isa = PBXShellScriptBuildPhase;
			buildActionMask = 2147483647;
			files = (
			);
			inputFileListPaths = (
			);
			inputPaths = (
				"${PODS_PODFILE_DIR_PATH}/Podfile.lock",
				"${PODS_ROOT}/Manifest.lock",
			);
			name = "[CP] Check Pods Manifest.lock";
			outputFileListPaths = (
			);
			outputPaths = (
				"$(DERIVED_FILE_DIR)/Pods-OldGeneral-OldGeneralUITests-checkManifestLockResult.txt",
			);
			runOnlyForDeploymentPostprocessing = 0;
			shellPath = /bin/sh;
			shellScript = "diff \"${PODS_PODFILE_DIR_PATH}/Podfile.lock\" \"${PODS_ROOT}/Manifest.lock\" > /dev/null\nif [ $? != 0 ] ; then\n    # print error to STDERR\n    echo \"error: The sandbox is not in sync with the Podfile.lock. Run 'pod install' or update your CocoaPods installation.\" >&2\n    exit 1\nfi\n# This output is used by Xcode 'outputs' to avoid re-running this script phase.\necho \"SUCCESS\" > \"${SCRIPT_OUTPUT_FILE_0}\"\n";
			showEnvVarsInLog = 0;
		};
/* End PBXShellScriptBuildPhase section */

/* Begin PBXSourcesBuildPhase section */
		719A61BE29444B1100E9E7AD /* Sources */ = {
			isa = PBXSourcesBuildPhase;
			buildActionMask = 2147483647;
			files = (
				71BEA7BD29AA5E8B00C8C3DE /* WalletPage.swift in Sources */,
				7173001129B31C7200714912 /* FlagDetailInfoItem.swift in Sources */,
				7103952E298E52B80035400F /* FlagSquare.swift in Sources */,
				71A5A00F29B0FFE100A60D31 /* SexItem.swift in Sources */,
				71A5E50929A7AB7B0080124E /* LoginPage.swift in Sources */,
				71F16DA129A797C6009F602F /* MyFlagItem.swift in Sources */,
				71BEA7C529ABA5DA00C8C3DE /* Register.swift in Sources */,
				71BEA7B829AA2D9B00C8C3DE /* http.swift in Sources */,
				7150138129A65A7000FD155F /* FlagSquareItem.swift in Sources */,
				71A5E50B29A7AB900080124E /* RegisterPage.swift in Sources */,
				71A5A00B29B0F9C700A60D31 /* UploadSexPage.swift in Sources */,
				7173001329B3218B00714912 /* FlagCardItem.swift in Sources */,
				719A61C629444B1100E9E7AD /* OldGeneralApp.swift in Sources */,
				71A5A00D29B0FA8900A60D31 /* UpdateSignaturePage.swift in Sources */,
				71C8269729ACDB3A0084885B /* RechargePage.swift in Sources */,
				7151160A29B0DBFE006A40DD /* VIPPrivilegesItem.swift in Sources */,
				71A5E52C29A90F5E0080124E /* Message.swift in Sources */,
				71737176299F7ACA009DF509 /* PayForFlag.swift in Sources */,
				71C8269529ACD90D0084885B /* FlowDetailsPage.swift in Sources */,
				71A5E50429A7A2830080124E /* MyFlags.swift in Sources */,
				71934340298E4D98007C8E6A /* OldgeneralContentView.swift in Sources */,
				71039530298E56DC0035400F /* UserInfo.swift in Sources */,
				71A5A00929B0F90900A60D31 /* UpdateUserNamePage.swift in Sources */,
				71A5A00729B0F6B600A60D31 /* UploadAvatarvPage.swift in Sources */,
				71039532298E626A0035400F /* AccountButton.swift in Sources */,
				7103953C298F585F0035400F /* CreateFlag.swift in Sources */,
				71BEA7D529ABB10200C8C3DE /* FlagInfoPage.swift in Sources */,
				71039539298E68410035400F /* VIPButton.swift in Sources */,
				7151160729B0DB32006A40DD /* VIPDescriptionPage.swift in Sources */,
				71039534298E67230035400F /* SettingButton.swift in Sources */,
				71BEA7CA29ABAA8E00C8C3DE /* SettingsPage.swift in Sources */,
				71BEA7D129ABB07D00C8C3DE /* UserInfoEditPage.swift in Sources */,
				7173001529B329AA00714912 /* SignInPage.swift in Sources */,
				7193433D298E4D6B007C8E6A /* Home.swift in Sources */,
				71BEA7CE29ABAF9600C8C3DE /* VIPPage.swift in Sources */,
				71A5E50E29A7B40A0080124E /* Main.swift in Sources */,
				71A5E50229A7A1480080124E /* time.swift in Sources */,
				71BEA7CC29ABAF7F00C8C3DE /* QAPage.swift in Sources */,
				71BEA7BA29AA49FD00C8C3DE /* Token.swift in Sources */,
				71C8269A29ACDDC80084885B /* FlowDetailsItem.swift in Sources */,
				7151160C29B0E411006A40DD /* VIPChargeItem.swift in Sources */,
				71BEA7C129AB814200C8C3DE /* Login.swift in Sources */,
				71A5E52929A8FE670080124E /* SearchBar.swift in Sources */,
				71039537298E67BB0035400F /* QAButton.swift in Sources */,
				7151160E29B0E7C1006A40DD /* VIPChargePage.swift in Sources */,
				71C8269C29ACE18A0084885B /* RechargeItem.swift in Sources */,
				71BEA7C729ABA73C00C8C3DE /* error.swift in Sources */,
				71A5E50629A7A2E90080124E /* Flag.swift in Sources */,
			);
			runOnlyForDeploymentPostprocessing = 0;
		};
		719A61CE29444B1300E9E7AD /* Sources */ = {
			isa = PBXSourcesBuildPhase;
			buildActionMask = 2147483647;
			files = (
				719A61D729444B1300E9E7AD /* OldGeneralTests.swift in Sources */,
			);
			runOnlyForDeploymentPostprocessing = 0;
		};
		719A61D829444B1300E9E7AD /* Sources */ = {
			isa = PBXSourcesBuildPhase;
			buildActionMask = 2147483647;
			files = (
				719A61E129444B1300E9E7AD /* OldGeneralUITests.swift in Sources */,
				719A61E329444B1300E9E7AD /* OldGeneralUITestsLaunchTests.swift in Sources */,
			);
			runOnlyForDeploymentPostprocessing = 0;
		};
/* End PBXSourcesBuildPhase section */

/* Begin PBXTargetDependency section */
		719A61D429444B1300E9E7AD /* PBXTargetDependency */ = {
			isa = PBXTargetDependency;
			target = 719A61C129444B1100E9E7AD /* OldGeneral */;
			targetProxy = 719A61D329444B1300E9E7AD /* PBXContainerItemProxy */;
		};
		719A61DE29444B1300E9E7AD /* PBXTargetDependency */ = {
			isa = PBXTargetDependency;
			target = 719A61C129444B1100E9E7AD /* OldGeneral */;
			targetProxy = 719A61DD29444B1300E9E7AD /* PBXContainerItemProxy */;
		};
/* End PBXTargetDependency section */

/* Begin XCBuildConfiguration section */
		719A61E429444B1300E9E7AD /* Debug */ = {
			isa = XCBuildConfiguration;
			buildSettings = {
				ALWAYS_EMBED_SWIFT_STANDARD_LIBRARIES = "$(inherited)";
				ALWAYS_SEARCH_USER_PATHS = NO;
				CLANG_ANALYZER_NONNULL = YES;
				CLANG_ANALYZER_NUMBER_OBJECT_CONVERSION = YES_AGGRESSIVE;
				CLANG_CXX_LANGUAGE_STANDARD = "gnu++20";
				CLANG_ENABLE_MODULES = YES;
				CLANG_ENABLE_OBJC_ARC = YES;
				CLANG_ENABLE_OBJC_WEAK = YES;
				CLANG_WARN_BLOCK_CAPTURE_AUTORELEASING = YES;
				CLANG_WARN_BOOL_CONVERSION = YES;
				CLANG_WARN_COMMA = YES;
				CLANG_WARN_CONSTANT_CONVERSION = YES;
				CLANG_WARN_DEPRECATED_OBJC_IMPLEMENTATIONS = YES;
				CLANG_WARN_DIRECT_OBJC_ISA_USAGE = YES_ERROR;
				CLANG_WARN_DOCUMENTATION_COMMENTS = YES;
				CLANG_WARN_EMPTY_BODY = YES;
				CLANG_WARN_ENUM_CONVERSION = YES;
				CLANG_WARN_INFINITE_RECURSION = YES;
				CLANG_WARN_INT_CONVERSION = YES;
				CLANG_WARN_NON_LITERAL_NULL_CONVERSION = YES;
				CLANG_WARN_OBJC_IMPLICIT_RETAIN_SELF = YES;
				CLANG_WARN_OBJC_LITERAL_CONVERSION = YES;
				CLANG_WARN_OBJC_ROOT_CLASS = YES_ERROR;
				CLANG_WARN_QUOTED_INCLUDE_IN_FRAMEWORK_HEADER = YES;
				CLANG_WARN_RANGE_LOOP_ANALYSIS = YES;
				CLANG_WARN_STRICT_PROTOTYPES = YES;
				CLANG_WARN_SUSPICIOUS_MOVE = YES;
				CLANG_WARN_UNGUARDED_AVAILABILITY = YES_AGGRESSIVE;
				CLANG_WARN_UNREACHABLE_CODE = YES;
				CLANG_WARN__DUPLICATE_METHOD_MATCH = YES;
				COPY_PHASE_STRIP = NO;
				DEBUG_INFORMATION_FORMAT = dwarf;
				ENABLE_STRICT_OBJC_MSGSEND = YES;
				ENABLE_TESTABILITY = YES;
				GCC_C_LANGUAGE_STANDARD = gnu11;
				GCC_DYNAMIC_NO_PIC = NO;
				GCC_NO_COMMON_BLOCKS = YES;
				GCC_OPTIMIZATION_LEVEL = 0;
				GCC_PREPROCESSOR_DEFINITIONS = (
					"DEBUG=1",
					"$(inherited)",
				);
				GCC_WARN_64_TO_32_BIT_CONVERSION = YES;
				GCC_WARN_ABOUT_RETURN_TYPE = YES_ERROR;
				GCC_WARN_UNDECLARED_SELECTOR = YES;
				GCC_WARN_UNINITIALIZED_AUTOS = YES_AGGRESSIVE;
				GCC_WARN_UNUSED_FUNCTION = YES;
				GCC_WARN_UNUSED_VARIABLE = YES;
				IPHONEOS_DEPLOYMENT_TARGET = 16.1;
				MTL_ENABLE_DEBUG_INFO = INCLUDE_SOURCE;
				MTL_FAST_MATH = YES;
				ONLY_ACTIVE_ARCH = YES;
				SDKROOT = iphoneos;
				SWIFT_ACTIVE_COMPILATION_CONDITIONS = DEBUG;
				SWIFT_OPTIMIZATION_LEVEL = "-Onone";
			};
			name = Debug;
		};
		719A61E529444B1300E9E7AD /* Release */ = {
			isa = XCBuildConfiguration;
			buildSettings = {
				ALWAYS_EMBED_SWIFT_STANDARD_LIBRARIES = "$(inherited)";
				ALWAYS_SEARCH_USER_PATHS = NO;
				CLANG_ANALYZER_NONNULL = YES;
				CLANG_ANALYZER_NUMBER_OBJECT_CONVERSION = YES_AGGRESSIVE;
				CLANG_CXX_LANGUAGE_STANDARD = "gnu++20";
				CLANG_ENABLE_MODULES = YES;
				CLANG_ENABLE_OBJC_ARC = YES;
				CLANG_ENABLE_OBJC_WEAK = YES;
				CLANG_WARN_BLOCK_CAPTURE_AUTORELEASING = YES;
				CLANG_WARN_BOOL_CONVERSION = YES;
				CLANG_WARN_COMMA = YES;
				CLANG_WARN_CONSTANT_CONVERSION = YES;
				CLANG_WARN_DEPRECATED_OBJC_IMPLEMENTATIONS = YES;
				CLANG_WARN_DIRECT_OBJC_ISA_USAGE = YES_ERROR;
				CLANG_WARN_DOCUMENTATION_COMMENTS = YES;
				CLANG_WARN_EMPTY_BODY = YES;
				CLANG_WARN_ENUM_CONVERSION = YES;
				CLANG_WARN_INFINITE_RECURSION = YES;
				CLANG_WARN_INT_CONVERSION = YES;
				CLANG_WARN_NON_LITERAL_NULL_CONVERSION = YES;
				CLANG_WARN_OBJC_IMPLICIT_RETAIN_SELF = YES;
				CLANG_WARN_OBJC_LITERAL_CONVERSION = YES;
				CLANG_WARN_OBJC_ROOT_CLASS = YES_ERROR;
				CLANG_WARN_QUOTED_INCLUDE_IN_FRAMEWORK_HEADER = YES;
				CLANG_WARN_RANGE_LOOP_ANALYSIS = YES;
				CLANG_WARN_STRICT_PROTOTYPES = YES;
				CLANG_WARN_SUSPICIOUS_MOVE = YES;
				CLANG_WARN_UNGUARDED_AVAILABILITY = YES_AGGRESSIVE;
				CLANG_WARN_UNREACHABLE_CODE = YES;
				CLANG_WARN__DUPLICATE_METHOD_MATCH = YES;
				COPY_PHASE_STRIP = NO;
				DEBUG_INFORMATION_FORMAT = "dwarf-with-dsym";
				ENABLE_NS_ASSERTIONS = NO;
				ENABLE_STRICT_OBJC_MSGSEND = YES;
				GCC_C_LANGUAGE_STANDARD = gnu11;
				GCC_NO_COMMON_BLOCKS = YES;
				GCC_WARN_64_TO_32_BIT_CONVERSION = YES;
				GCC_WARN_ABOUT_RETURN_TYPE = YES_ERROR;
				GCC_WARN_UNDECLARED_SELECTOR = YES;
				GCC_WARN_UNINITIALIZED_AUTOS = YES_AGGRESSIVE;
				GCC_WARN_UNUSED_FUNCTION = YES;
				GCC_WARN_UNUSED_VARIABLE = YES;
				IPHONEOS_DEPLOYMENT_TARGET = 16.1;
				MTL_ENABLE_DEBUG_INFO = NO;
				MTL_FAST_MATH = YES;
				SDKROOT = iphoneos;
				SWIFT_COMPILATION_MODE = wholemodule;
				SWIFT_OPTIMIZATION_LEVEL = "-O";
				VALIDATE_PRODUCT = YES;
			};
			name = Release;
		};
		719A61E729444B1300E9E7AD /* Debug */ = {
			isa = XCBuildConfiguration;
			baseConfigurationReference = DAC9C328DF9DC48133DB2B0B /* Pods-OldGeneral.debug.xcconfig */;
			buildSettings = {
				ALWAYS_EMBED_SWIFT_STANDARD_LIBRARIES = "$(inherited)";
				ASSETCATALOG_COMPILER_APPICON_NAME = AppIcon;
				ASSETCATALOG_COMPILER_GLOBAL_ACCENT_COLOR_NAME = AccentColor;
				CODE_SIGN_STYLE = Automatic;
				CURRENT_PROJECT_VERSION = 1;
				DEVELOPMENT_ASSET_PATHS = "\"OldGeneral/Preview Content\"";
				DEVELOPMENT_TEAM = T9722D57LW;
				ENABLE_PREVIEWS = YES;
				GENERATE_INFOPLIST_FILE = YES;
				INFOPLIST_KEY_UIApplicationSceneManifest_Generation = YES;
				INFOPLIST_KEY_UIApplicationSupportsIndirectInputEvents = YES;
				INFOPLIST_KEY_UILaunchScreen_Generation = YES;
				INFOPLIST_KEY_UIRequiresFullScreen = NO;
				INFOPLIST_KEY_UIStatusBarStyle = "";
				INFOPLIST_KEY_UISupportedInterfaceOrientations = "UIInterfaceOrientationLandscapeLeft UIInterfaceOrientationLandscapeRight UIInterfaceOrientationPortrait";
				INFOPLIST_KEY_UISupportedInterfaceOrientations_iPad = "UIInterfaceOrientationLandscapeLeft UIInterfaceOrientationLandscapeRight UIInterfaceOrientationPortrait UIInterfaceOrientationPortraitUpsideDown";
				LD_RUNPATH_SEARCH_PATHS = (
					"$(inherited)",
					"@executable_path/Frameworks",
				);
				MARKETING_VERSION = 1.0;
				PRODUCT_BUNDLE_IDENTIFIER = MrLeea.OldGeneral;
				PRODUCT_NAME = "$(TARGET_NAME)";
				SWIFT_EMIT_LOC_STRINGS = YES;
				SWIFT_VERSION = 5.0;
				TARGETED_DEVICE_FAMILY = "1,2";
			};
			name = Debug;
		};
		719A61E829444B1300E9E7AD /* Release */ = {
			isa = XCBuildConfiguration;
			baseConfigurationReference = 44F3E23518A99DBEA88E8C91 /* Pods-OldGeneral.release.xcconfig */;
			buildSettings = {
				ALWAYS_EMBED_SWIFT_STANDARD_LIBRARIES = "$(inherited)";
				ASSETCATALOG_COMPILER_APPICON_NAME = AppIcon;
				ASSETCATALOG_COMPILER_GLOBAL_ACCENT_COLOR_NAME = AccentColor;
				CODE_SIGN_STYLE = Automatic;
				CURRENT_PROJECT_VERSION = 1;
				DEVELOPMENT_ASSET_PATHS = "\"OldGeneral/Preview Content\"";
				DEVELOPMENT_TEAM = T9722D57LW;
				ENABLE_PREVIEWS = YES;
				GENERATE_INFOPLIST_FILE = YES;
				INFOPLIST_KEY_UIApplicationSceneManifest_Generation = YES;
				INFOPLIST_KEY_UIApplicationSupportsIndirectInputEvents = YES;
				INFOPLIST_KEY_UILaunchScreen_Generation = YES;
				INFOPLIST_KEY_UIRequiresFullScreen = NO;
				INFOPLIST_KEY_UIStatusBarStyle = "";
				INFOPLIST_KEY_UISupportedInterfaceOrientations = "UIInterfaceOrientationLandscapeLeft UIInterfaceOrientationLandscapeRight UIInterfaceOrientationPortrait";
				INFOPLIST_KEY_UISupportedInterfaceOrientations_iPad = "UIInterfaceOrientationLandscapeLeft UIInterfaceOrientationLandscapeRight UIInterfaceOrientationPortrait UIInterfaceOrientationPortraitUpsideDown";
				LD_RUNPATH_SEARCH_PATHS = (
					"$(inherited)",
					"@executable_path/Frameworks",
				);
				MARKETING_VERSION = 1.0;
				PRODUCT_BUNDLE_IDENTIFIER = MrLeea.OldGeneral;
				PRODUCT_NAME = "$(TARGET_NAME)";
				SWIFT_EMIT_LOC_STRINGS = YES;
				SWIFT_VERSION = 5.0;
				TARGETED_DEVICE_FAMILY = "1,2";
			};
			name = Release;
		};
		719A61EA29444B1300E9E7AD /* Debug */ = {
			isa = XCBuildConfiguration;
			baseConfigurationReference = 1D863E87822089645F966059 /* Pods-OldGeneralTests.debug.xcconfig */;
			buildSettings = {
				ALWAYS_EMBED_SWIFT_STANDARD_LIBRARIES = YES;
				BUNDLE_LOADER = "$(TEST_HOST)";
				CODE_SIGN_STYLE = Automatic;
				CURRENT_PROJECT_VERSION = 1;
				GENERATE_INFOPLIST_FILE = YES;
				IPHONEOS_DEPLOYMENT_TARGET = 16.1;
				MARKETING_VERSION = 1.0;
				PRODUCT_BUNDLE_IDENTIFIER = MrLeea.OldGeneralTests;
				PRODUCT_NAME = "$(TARGET_NAME)";
				SWIFT_EMIT_LOC_STRINGS = NO;
				SWIFT_VERSION = 5.0;
				TARGETED_DEVICE_FAMILY = "1,2";
				TEST_HOST = "$(BUILT_PRODUCTS_DIR)/OldGeneral.app/$(BUNDLE_EXECUTABLE_FOLDER_PATH)/OldGeneral";
			};
			name = Debug;
		};
		719A61EB29444B1300E9E7AD /* Release */ = {
			isa = XCBuildConfiguration;
			baseConfigurationReference = 7B2B7126118C106ED3AB4DC4 /* Pods-OldGeneralTests.release.xcconfig */;
			buildSettings = {
				ALWAYS_EMBED_SWIFT_STANDARD_LIBRARIES = YES;
				BUNDLE_LOADER = "$(TEST_HOST)";
				CODE_SIGN_STYLE = Automatic;
				CURRENT_PROJECT_VERSION = 1;
				GENERATE_INFOPLIST_FILE = YES;
				IPHONEOS_DEPLOYMENT_TARGET = 16.1;
				MARKETING_VERSION = 1.0;
				PRODUCT_BUNDLE_IDENTIFIER = MrLeea.OldGeneralTests;
				PRODUCT_NAME = "$(TARGET_NAME)";
				SWIFT_EMIT_LOC_STRINGS = NO;
				SWIFT_VERSION = 5.0;
				TARGETED_DEVICE_FAMILY = "1,2";
				TEST_HOST = "$(BUILT_PRODUCTS_DIR)/OldGeneral.app/$(BUNDLE_EXECUTABLE_FOLDER_PATH)/OldGeneral";
			};
			name = Release;
		};
		719A61ED29444B1300E9E7AD /* Debug */ = {
			isa = XCBuildConfiguration;
			baseConfigurationReference = 0516154D32DB524D5A748064 /* Pods-OldGeneral-OldGeneralUITests.debug.xcconfig */;
			buildSettings = {
				ALWAYS_EMBED_SWIFT_STANDARD_LIBRARIES = "$(inherited)";
				CODE_SIGN_STYLE = Automatic;
				CURRENT_PROJECT_VERSION = 1;
				GENERATE_INFOPLIST_FILE = YES;
				MARKETING_VERSION = 1.0;
				PRODUCT_BUNDLE_IDENTIFIER = MrLeea.OldGeneralUITests;
				PRODUCT_NAME = "$(TARGET_NAME)";
				SWIFT_EMIT_LOC_STRINGS = NO;
				SWIFT_VERSION = 5.0;
				TARGETED_DEVICE_FAMILY = "1,2";
				TEST_TARGET_NAME = OldGeneral;
			};
			name = Debug;
		};
		719A61EE29444B1300E9E7AD /* Release */ = {
			isa = XCBuildConfiguration;
			baseConfigurationReference = CFE81309D67EFFA8037328BD /* Pods-OldGeneral-OldGeneralUITests.release.xcconfig */;
			buildSettings = {
				ALWAYS_EMBED_SWIFT_STANDARD_LIBRARIES = "$(inherited)";
				CODE_SIGN_STYLE = Automatic;
				CURRENT_PROJECT_VERSION = 1;
				GENERATE_INFOPLIST_FILE = YES;
				MARKETING_VERSION = 1.0;
				PRODUCT_BUNDLE_IDENTIFIER = MrLeea.OldGeneralUITests;
				PRODUCT_NAME = "$(TARGET_NAME)";
				SWIFT_EMIT_LOC_STRINGS = NO;
				SWIFT_VERSION = 5.0;
				TARGETED_DEVICE_FAMILY = "1,2";
				TEST_TARGET_NAME = OldGeneral;
			};
			name = Release;
		};
/* End XCBuildConfiguration section */

/* Begin XCConfigurationList section */
		719A61BD29444B1100E9E7AD /* Build configuration list for PBXProject "OldGeneral" */ = {
			isa = XCConfigurationList;
			buildConfigurations = (
				719A61E429444B1300E9E7AD /* Debug */,
				719A61E529444B1300E9E7AD /* Release */,
			);
			defaultConfigurationIsVisible = 0;
			defaultConfigurationName = Release;
		};
		719A61E629444B1300E9E7AD /* Build configuration list for PBXNativeTarget "OldGeneral" */ = {
			isa = XCConfigurationList;
			buildConfigurations = (
				719A61E729444B1300E9E7AD /* Debug */,
				719A61E829444B1300E9E7AD /* Release */,
			);
			defaultConfigurationIsVisible = 0;
			defaultConfigurationName = Release;
		};
		719A61E929444B1300E9E7AD /* Build configuration list for PBXNativeTarget "OldGeneralTests" */ = {
			isa = XCConfigurationList;
			buildConfigurations = (
				719A61EA29444B1300E9E7AD /* Debug */,
				719A61EB29444B1300E9E7AD /* Release */,
			);
			defaultConfigurationIsVisible = 0;
			defaultConfigurationName = Release;
		};
		719A61EC29444B1300E9E7AD /* Build configuration list for PBXNativeTarget "OldGeneralUITests" */ = {
			isa = XCConfigurationList;
			buildConfigurations = (
				719A61ED29444B1300E9E7AD /* Debug */,
				719A61EE29444B1300E9E7AD /* Release */,
			);
			defaultConfigurationIsVisible = 0;
			defaultConfigurationName = Release;
		};
/* End XCConfigurationList section */
	};
	rootObject = 719A61BA29444B1100E9E7AD /* Project object */;
}
